
Microsoft Visual Studio Solution File, Format Version 12.00
# Visual Studio Version 16
VisualStudioVersion = 16.0.30717.126
MinimumVisualStudioVersion = 10.0.40219.1
Project("{FAE04EC0-301F-11D3-BF4B-00C04F79EFBC}") = "HomeBrewed", "HomeBrewed\HomeBrewed.csproj", "{D4EDF637-3C75-43EB-B245-AFA9177E47B3}"
EndProject
Project("{FAE04EC0-301F-11D3-BF4B-00C04F79EFBC}") = "HomeBrewed.Test", "HomeBrewed.Test\HomeBrewed.Test.csproj", "{16409817-92A4-4ADE-A6CE-5C4BBE68803A}"
EndProject
Global
	GlobalSection(SolutionConfigurationPlatforms) = preSolution
		Debug|Any CPU = Debug|Any CPU
		Release|Any CPU = Release|Any CPU
	EndGlobalSection
	GlobalSection(ProjectConfigurationPlatforms) = postSolution
		{D4EDF637-3C75-43EB-B245-AFA9177E47B3}.Debug|Any CPU.ActiveCfg = Debug|Any CPU
		{D4EDF637-3C75-43EB-B245-AFA9177E47B3}.Debug|Any CPU.Build.0 = Debug|Any CPU
		{D4EDF637-3C75-43EB-B245-AFA9177E47B3}.Release|Any CPU.ActiveCfg = Release|Any CPU
		{D4EDF637-3C75-43EB-B245-AFA9177E47B3}.Release|Any CPU.Build.0 = Release|Any CPU
		{16409817-92A4-4ADE-A6CE-5C4BBE68803A}.Debug|Any CPU.ActiveCfg = Debug|Any CPU
		{16409817-92A4-4ADE-A6CE-5C4BBE68803A}.Debug|Any CPU.Build.0 = Debug|Any CPU
		{16409817-92A4-4ADE-A6CE-5C4BBE68803A}.Release|Any CPU.ActiveCfg = Release|Any CPU
		{16409817-92A4-4ADE-A6CE-5C4BBE68803A}.Release|Any CPU.Build.0 = Release|Any CPU
	EndGlobalSection
	GlobalSection(SolutionProperties) = preSolution
		HideSolutionNode = FALSE
	EndGlobalSection
	GlobalSection(ExtensibilityGlobals) = postSolution
		SolutionGuid = {F8A9A055-A81A-4AED-B5E6-A7C170031557}
	EndGlobalSection
EndGlobal
